
Microsoft Visual Studio Solution File, Format Version 12.00
# Visual Studio Version 16
VisualStudioVersion = 16.0.33214.272
MinimumVisualStudioVersion = 10.0.40219.1
Project("{FAE04EC0-301F-11D3-BF4B-00C04F79EFBC}") = "WPFSimpleCalculator", "WPFSimpleCalculator\WPFSimpleCalculator.csproj", "{FF71C6C6-3772-4CE2-871E-A949B602B75F}"
EndProject
Global
	GlobalSection(SolutionConfigurationPlatforms) = preSolution
		Debug|Any CPU = Debug|Any CPU
		Release|Any CPU = Release|Any CPU
	EndGlobalSection
	GlobalSection(ProjectConfigurationPlatforms) = postSolution
		{FF71C6C6-3772-4CE2-871E-A949B602B75F}.Debug|Any CPU.ActiveCfg = Debug|Any CPU
		{FF71C6C6-3772-4CE2-871E-A949B602B75F}.Debug|Any CPU.Build.0 = Debug|Any CPU
		{FF71C6C6-3772-4CE2-871E-A949B602B75F}.Release|Any CPU.ActiveCfg = Release|Any CPU
		{FF71C6C6-3772-4CE2-871E-A949B602B75F}.Release|Any CPU.Build.0 = Release|Any CPU
	EndGlobalSection
	GlobalSection(SolutionProperties) = preSolution
		HideSolutionNode = FALSE
	EndGlobalSection
	GlobalSection(ExtensibilityGlobals) = postSolution
		SolutionGuid = {53B15601-F41B-4D56-AB38-D7686C8C101F}
	EndGlobalSection
EndGlobal
